
Microsoft Visual Studio Solution File, Format Version 12.00
# Visual Studio 15
VisualStudioVersion = 15.0.27004.2002
MinimumVisualStudioVersion = 10.0.40219.1
Project("{FAE04EC0-301F-11D3-BF4B-00C04F79EFBC}") = "TrainingASPDotNet", "TrainingASPDotNet\TrainingASPDotNet.csproj", "{FECE2CC8-0CD6-4534-A277-C372885B883E}"
EndProject
Global
	GlobalSection(SolutionConfigurationPlatforms) = preSolution
		Debug|Any CPU = Debug|Any CPU
		Release|Any CPU = Release|Any CPU
	EndGlobalSection
	GlobalSection(ProjectConfigurationPlatforms) = postSolution
		{FECE2CC8-0CD6-4534-A277-C372885B883E}.Debug|Any CPU.ActiveCfg = Debug|Any CPU
		{FECE2CC8-0CD6-4534-A277-C372885B883E}.Debug|Any CPU.Build.0 = Debug|Any CPU
		{FECE2CC8-0CD6-4534-A277-C372885B883E}.Release|Any CPU.ActiveCfg = Release|Any CPU
		{FECE2CC8-0CD6-4534-A277-C372885B883E}.Release|Any CPU.Build.0 = Release|Any CPU
	EndGlobalSection
	GlobalSection(SolutionProperties) = preSolution
		HideSolutionNode = FALSE
	EndGlobalSection
	GlobalSection(ExtensibilityGlobals) = postSolution
		SolutionGuid = {FB43CAF1-DED3-4C03-94CE-D32BD686F6C7}
	EndGlobalSection
EndGlobal
